
Microsoft Visual Studio Solution File, Format Version 12.00
# Visual Studio Version 16
VisualStudioVersion = 16.0.32413.511
MinimumVisualStudioVersion = 10.0.40219.1
Project("{FAE04EC0-301F-11D3-BF4B-00C04F79EFBC}") = "QuanLyKho", "QuanLyKho\QuanLyKho.csproj", "{2997CE61-242E-4B93-B0B7-BB1FA2697C52}"
EndProject
Global
	GlobalSection(SolutionConfigurationPlatforms) = preSolution
		Debug|Any CPU = Debug|Any CPU
		Release|Any CPU = Release|Any CPU
	EndGlobalSection
	GlobalSection(ProjectConfigurationPlatforms) = postSolution
		{2997CE61-242E-4B93-B0B7-BB1FA2697C52}.Debug|Any CPU.ActiveCfg = Debug|Any CPU
		{2997CE61-242E-4B93-B0B7-BB1FA2697C52}.Debug|Any CPU.Build.0 = Debug|Any CPU
		{2997CE61-242E-4B93-B0B7-BB1FA2697C52}.Release|Any CPU.ActiveCfg = Release|Any CPU
		{2997CE61-242E-4B93-B0B7-BB1FA2697C52}.Release|Any CPU.Build.0 = Release|Any CPU
	EndGlobalSection
	GlobalSection(SolutionProperties) = preSolution
		HideSolutionNode = FALSE
	EndGlobalSection
	GlobalSection(ExtensibilityGlobals) = postSolution
		SolutionGuid = {B760F773-00A1-414A-A834-6B101804DF8F}
	EndGlobalSection
EndGlobal
